
Microsoft Visual Studio Solution File, Format Version 12.00
Project("{FAE04EC0-301F-11D3-BF4B-00C04F79EFBC}") = "SocialApp.API", "SocialApp.API\SocialApp.API.csproj", "{91B98749-7D77-4FA1-ACB0-EFA6871801B9}"
EndProject
Project("{FAE04EC0-301F-11D3-BF4B-00C04F79EFBC}") = "SocialApp.Services", "SocialApp.Services\SocialApp.Services.csproj", "{B4CFA2BD-5719-48F1-B509-5BE8CE7F9C1A}"
EndProject
Project("{FAE04EC0-301F-11D3-BF4B-00C04F79EFBC}") = "SocialApp.DataAccess", "SocialApp.DataAccess\SocialApp.DataAccess.csproj", "{E99C8BE9-9962-4BB7-BE74-DA9E72853BBC}"
EndProject
Global
	GlobalSection(SolutionConfigurationPlatforms) = preSolution
		Debug|Any CPU = Debug|Any CPU
		Release|Any CPU = Release|Any CPU
	EndGlobalSection
	GlobalSection(ProjectConfigurationPlatforms) = postSolution
		{91B98749-7D77-4FA1-ACB0-EFA6871801B9}.Debug|Any CPU.ActiveCfg = Debug|Any CPU
		{91B98749-7D77-4FA1-ACB0-EFA6871801B9}.Debug|Any CPU.Build.0 = Debug|Any CPU
		{91B98749-7D77-4FA1-ACB0-EFA6871801B9}.Release|Any CPU.ActiveCfg = Release|Any CPU
		{91B98749-7D77-4FA1-ACB0-EFA6871801B9}.Release|Any CPU.Build.0 = Release|Any CPU
		{B4CFA2BD-5719-48F1-B509-5BE8CE7F9C1A}.Debug|Any CPU.ActiveCfg = Debug|Any CPU
		{B4CFA2BD-5719-48F1-B509-5BE8CE7F9C1A}.Debug|Any CPU.Build.0 = Debug|Any CPU
		{B4CFA2BD-5719-48F1-B509-5BE8CE7F9C1A}.Release|Any CPU.ActiveCfg = Release|Any CPU
		{B4CFA2BD-5719-48F1-B509-5BE8CE7F9C1A}.Release|Any CPU.Build.0 = Release|Any CPU
		{E99C8BE9-9962-4BB7-BE74-DA9E72853BBC}.Debug|Any CPU.ActiveCfg = Debug|Any CPU
		{E99C8BE9-9962-4BB7-BE74-DA9E72853BBC}.Debug|Any CPU.Build.0 = Debug|Any CPU
		{E99C8BE9-9962-4BB7-BE74-DA9E72853BBC}.Release|Any CPU.ActiveCfg = Release|Any CPU
		{E99C8BE9-9962-4BB7-BE74-DA9E72853BBC}.Release|Any CPU.Build.0 = Release|Any CPU
	EndGlobalSection
EndGlobal
